
Microsoft Visual Studio Solution File, Format Version 10.00
# Visual Studio 2008
Project("{FAE04EC0-301F-11D3-BF4B-00C04F79EFBC}") = "HJD.Pexeso.Engine", "HJD.Pexeso.Engine\HJD.Pexeso.Engine.csproj", "{2B166B3C-015A-44DD-952B-A512803722A3}"
EndProject
Project("{FAE04EC0-301F-11D3-BF4B-00C04F79EFBC}") = "HJD.Pexeso.Test", "HJD.Pexeso.Test\HJD.Pexeso.Test.csproj", "{616654B4-FB6D-4E4A-9ACD-A43AD9F92671}"
EndProject
Project("{FAE04EC0-301F-11D3-BF4B-00C04F79EFBC}") = "HJD.Pexeso.FormGUI", "HJD.Pexeso.FormGUI\HJD.Pexeso.FormGUI.csproj", "{5E20205F-8D02-4BC5-81F8-351802925F1B}"
EndProject
Global
	GlobalSection(SolutionConfigurationPlatforms) = preSolution
		Debug|Any CPU = Debug|Any CPU
		Release|Any CPU = Release|Any CPU
	EndGlobalSection
	GlobalSection(ProjectConfigurationPlatforms) = postSolution
		{2B166B3C-015A-44DD-952B-A512803722A3}.Debug|Any CPU.ActiveCfg = Debug|Any CPU
		{2B166B3C-015A-44DD-952B-A512803722A3}.Debug|Any CPU.Build.0 = Debug|Any CPU
		{2B166B3C-015A-44DD-952B-A512803722A3}.Release|Any CPU.ActiveCfg = Release|Any CPU
		{2B166B3C-015A-44DD-952B-A512803722A3}.Release|Any CPU.Build.0 = Release|Any CPU
		{616654B4-FB6D-4E4A-9ACD-A43AD9F92671}.Debug|Any CPU.ActiveCfg = Debug|Any CPU
		{616654B4-FB6D-4E4A-9ACD-A43AD9F92671}.Debug|Any CPU.Build.0 = Debug|Any CPU
		{616654B4-FB6D-4E4A-9ACD-A43AD9F92671}.Release|Any CPU.ActiveCfg = Release|Any CPU
		{616654B4-FB6D-4E4A-9ACD-A43AD9F92671}.Release|Any CPU.Build.0 = Release|Any CPU
		{5E20205F-8D02-4BC5-81F8-351802925F1B}.Debug|Any CPU.ActiveCfg = Debug|Any CPU
		{5E20205F-8D02-4BC5-81F8-351802925F1B}.Debug|Any CPU.Build.0 = Debug|Any CPU
		{5E20205F-8D02-4BC5-81F8-351802925F1B}.Release|Any CPU.ActiveCfg = Release|Any CPU
		{5E20205F-8D02-4BC5-81F8-351802925F1B}.Release|Any CPU.Build.0 = Release|Any CPU
	EndGlobalSection
	GlobalSection(SolutionProperties) = preSolution
		HideSolutionNode = FALSE
	EndGlobalSection
EndGlobal
